<?xml version="1.0" encoding="utf-8"?>
<Project ToolsVersion="4.0" xmlns="http://schemas.microsoft.com/developer/msbuild/2003">
  <ItemGroup>
    <Filter Include="Source Files">
      <UniqueIdentifier>{4FC737F1-C7A5-4376-A066-2A32D752A2FF}</UniqueIdentifier>
      <Extensions>cpp;c;cc;cxx;c++;cppm;ixx;def;odl;idl;hpj;bat;asm;asmx</Extensions>
    </Filter>
    <Filter Include="Header Files">
      <UniqueIdentifier>{93995380-89BD-4b04-88EB-625FBE52EBFB}</UniqueIdentifier>
      <Extensions>h;hh;hpp;hxx;h++;hm;inl;inc;ipp;xsd</Extensions>
    </Filter>
    <Filter Include="Resource Files">
      <UniqueIdentifier>{67DA6AB6-F800-4c08-8B7A-83BB121AAD01}</UniqueIdentifier>
      <Extensions>rc;ico;cur;bmp;dlg;rc2;rct;bin;rgs;gif;jpg;jpeg;jpe;resx;tiff;tif;png;wav;mfcribbon-ms</Extensions>
    </Filter>
  </ItemGroup>
  <ItemGroup>
    <ClCompile Include="src\main.c">
      <Filter>Source Files</Filter>
    </ClCompile>
    <ClCompile Include="src\rawClient\rmqsBroker.c">
      <Filter>Source Files</Filter>
    </ClCompile>
    <ClCompile Include="src\rawClient\rmqsBuffer.c">
      <Filter>Source Files</Filter>
    </ClCompile>
    <ClCompile Include="src\rawClient\rmqsClient.c">
      <Filter>Source Files</Filter>
    </ClCompile>
    <ClCompile Include="src\rawClient\rmqsClientConfiguration.c">
      <Filter>Source Files</Filter>
    </ClCompile>
    <ClCompile Include="src\rawClient\rmqsError.c">
      <Filter>Source Files</Filter>
    </ClCompile>
    <ClCompile Include="src\rawClient\rmqsLib.c">
      <Filter>Source Files</Filter>
    </ClCompile>
    <ClCompile Include="src\rawClient\rmqsList.c">
      <Filter>Source Files</Filter>
    </ClCompile>
    <ClCompile Include="src\rawClient\rmqsLogger.c">
      <Filter>Source Files</Filter>
    </ClCompile>
    <ClCompile Include="src\rawClient\rmqsMemory.c">
      <Filter>Source Files</Filter>
    </ClCompile>
    <ClCompile Include="src\rawClient\rmqsMessage.c">
      <Filter>Source Files</Filter>
    </ClCompile>
    <ClCompile Include="src\rawClient\rmqsMutex.c">
      <Filter>Source Files</Filter>
    </ClCompile>
    <ClCompile Include="src\rawClient\rmqsNetwork.c">
      <Filter>Source Files</Filter>
    </ClCompile>
    <ClCompile Include="src\rawClient\rmqsProtocol.c">
      <Filter>Source Files</Filter>
    </ClCompile>
    <ClCompile Include="src\rawClient\rmqsThread.c">
      <Filter>Source Files</Filter>
    </ClCompile>
    <ClCompile Include="src\rawClient\rmqsTimer.c">
      <Filter>Source Files</Filter>
    </ClCompile>
    <ClCompile Include="src\rawClient\rmqsConsumer.c">
      <Filter>Source Files</Filter>
    </ClCompile>
    <ClCompile Include="src\rawClient\rmqsPublisher.c">
      <Filter>Source Files</Filter>
    </ClCompile>
  </ItemGroup>
  <ItemGroup>
    <ClInclude Include="src\rawClient\rmqsBroker.h">
      <Filter>Header Files</Filter>
    </ClInclude>
    <ClInclude Include="src\rawClient\rmqsBuffer.h">
      <Filter>Header Files</Filter>
    </ClInclude>
    <ClInclude Include="src\rawClient\rmqsClient.h">
      <Filter>Header Files</Filter>
    </ClInclude>
    <ClInclude Include="src\rawClient\rmqsClientConfiguration.h">
      <Filter>Header Files</Filter>
    </ClInclude>
    <ClInclude Include="src\rawClient\rmqsError.h">
      <Filter>Header Files</Filter>
    </ClInclude>
    <ClInclude Include="src\rawClient\rmqsGlobal.h">
      <Filter>Header Files</Filter>
    </ClInclude>
    <ClInclude Include="src\rawClient\rmqsLib.h">
      <Filter>Header Files</Filter>
    </ClInclude>
    <ClInclude Include="src\rawClient\rmqsList.h">
      <Filter>Header Files</Filter>
    </ClInclude>
    <ClInclude Include="src\rawClient\rmqsLogger.h">
      <Filter>Header Files</Filter>
    </ClInclude>
    <ClInclude Include="src\rawClient\rmqsMemory.h">
      <Filter>Header Files</Filter>
    </ClInclude>
    <ClInclude Include="src\rawClient\rmqsMessage.h">
      <Filter>Header Files</Filter>
    </ClInclude>
    <ClInclude Include="src\rawClient\rmqsMutex.h">
      <Filter>Header Files</Filter>
    </ClInclude>
    <ClInclude Include="src\rawClient\rmqsNetwork.h">
      <Filter>Header Files</Filter>
    </ClInclude>
    <ClInclude Include="src\rawClient\rmqsProtocol.h">
      <Filter>Header Files</Filter>
    </ClInclude>
    <ClInclude Include="src\rawClient\rmqsThread.h">
      <Filter>Header Files</Filter>
    </ClInclude>
    <ClInclude Include="src\rawClient\rmqsTimer.h">
      <Filter>Header Files</Filter>
    </ClInclude>
    <ClInclude Include="src\rawClient\rmqsConsumer.h">
      <Filter>Header Files</Filter>
    </ClInclude>
    <ClInclude Include="src\rawClient\rmqsPublisher.h">
      <Filter>Header Files</Filter>
    </ClInclude>
    <ClInclude Include="src\uthash\utarray.h">
      <Filter>Header Files</Filter>
    </ClInclude>
    <ClInclude Include="src\uthash\uthash.h">
      <Filter>Header Files</Filter>
    </ClInclude>
    <ClInclude Include="src\uthash\utlist.h">
      <Filter>Header Files</Filter>
    </ClInclude>
    <ClInclude Include="src\uthash\utringbuffer.h">
      <Filter>Header Files</Filter>
    </ClInclude>
    <ClInclude Include="src\uthash\utstack.h">
      <Filter>Header Files</Filter>
    </ClInclude>
    <ClInclude Include="src\uthash\utstring.h">
      <Filter>Header Files</Filter>
    </ClInclude>
  </ItemGroup>
</Project>